
Microsoft Visual Studio Solution File, Format Version 12.00
# Visual Studio Version 16
VisualStudioVersion = 16.0.29424.173
MinimumVisualStudioVersion = 10.0.40219.1
Project("{9A19103F-16F7-4668-BE54-9A1E7A4F7556}") = "IngenicoPOS", "IngenicoPOS\IngenicoPOS.csproj", "{AC131E52-D87C-47DA-835F-B073A2EAE409}"
EndProject
Project("{FAE04EC0-301F-11D3-BF4B-00C04F79EFBC}") = "UnitTests", "UnitTests\UnitTests.csproj", "{043E0EB5-2C3E-4C14-A54D-10D1C3A7D553}"
EndProject
Global
	GlobalSection(SolutionConfigurationPlatforms) = preSolution
		Debug|Any CPU = Debug|Any CPU
		Release|Any CPU = Release|Any CPU
	EndGlobalSection
	GlobalSection(ProjectConfigurationPlatforms) = postSolution
		{AC131E52-D87C-47DA-835F-B073A2EAE409}.Debug|Any CPU.ActiveCfg = Debug|Any CPU
		{AC131E52-D87C-47DA-835F-B073A2EAE409}.Debug|Any CPU.Build.0 = Debug|Any CPU
		{AC131E52-D87C-47DA-835F-B073A2EAE409}.Release|Any CPU.ActiveCfg = Release|Any CPU
		{AC131E52-D87C-47DA-835F-B073A2EAE409}.Release|Any CPU.Build.0 = Release|Any CPU
		{043E0EB5-2C3E-4C14-A54D-10D1C3A7D553}.Debug|Any CPU.ActiveCfg = Debug|Any CPU
		{043E0EB5-2C3E-4C14-A54D-10D1C3A7D553}.Debug|Any CPU.Build.0 = Debug|Any CPU
		{043E0EB5-2C3E-4C14-A54D-10D1C3A7D553}.Release|Any CPU.ActiveCfg = Release|Any CPU
		{043E0EB5-2C3E-4C14-A54D-10D1C3A7D553}.Release|Any CPU.Build.0 = Release|Any CPU
	EndGlobalSection
	GlobalSection(SolutionProperties) = preSolution
		HideSolutionNode = FALSE
	EndGlobalSection
	GlobalSection(ExtensibilityGlobals) = postSolution
		SolutionGuid = {D1C5505A-86E2-4DD0-95A5-A8BEFCFF1718}
	EndGlobalSection
EndGlobal
